{
  "nodes": {
    "flakeCompat": {
      "flake": false,
      "locked": {
        "lastModified": 1627913399,
        "narHash": "sha256-hY8g6H2KFL8ownSiFeMOjwPC8P0ueXpCVEbxgda3pko=",
        "owner": "edolstra",
        "repo": "flake-compat",
        "rev": "12c64ca55c1014cdc1b16ed5a804aa8576601ff2",
        "type": "github"
      },
      "original": {
        "owner": "edolstra",
        "repo": "flake-compat",
        "type": "github"
      }
    },
    "flakeCompat_2": {
      "flake": false,
      "locked": {
        "lastModified": 1627913399,
        "narHash": "sha256-hY8g6H2KFL8ownSiFeMOjwPC8P0ueXpCVEbxgda3pko=",
        "owner": "edolstra",
        "repo": "flake-compat",
        "rev": "12c64ca55c1014cdc1b16ed5a804aa8576601ff2",
        "type": "github"
      },
      "original": {
        "owner": "edolstra",
        "repo": "flake-compat",
        "type": "github"
      }
    },
    "flakeUtils": {
      "locked": {
        "lastModified": 1638122382,
        "narHash": "sha256-sQzZzAbvKEqN9s0bzWuYmRaA03v40gaJ4+iL1LXjaeI=",
        "owner": "numtide",
        "repo": "flake-utils",
        "rev": "74f7e4319258e287b0f9cb95426c9853b282730b",
        "type": "github"
      },
      "original": {
        "owner": "numtide",
        "repo": "flake-utils",
        "type": "github"
      }
    },
    "flakeUtils_2": {
      "locked": {
        "lastModified": 1638122382,
        "narHash": "sha256-sQzZzAbvKEqN9s0bzWuYmRaA03v40gaJ4+iL1LXjaeI=",
        "owner": "numtide",
        "repo": "flake-utils",
        "rev": "74f7e4319258e287b0f9cb95426c9853b282730b",
        "type": "github"
      },
      "original": {
        "owner": "numtide",
        "repo": "flake-utils",
        "type": "github"
      }
    },
    "hrpc": {
      "inputs": {
        "flakeCompat": "flakeCompat_2",
        "flakeUtils": "flakeUtils_2",
        "nixpkgs": "nixpkgs"
      },
      "locked": {
        "lastModified": 1641076007,
        "narHash": "sha256-JS84LkyLAPA09W8RcYddoR+1VrhphdnIZx2Ixrq42Jo=",
        "owner": "harmony-development",
        "repo": "hrpc",
        "rev": "63c181a48c319eaee669c47489a1b2c45329800e",
        "type": "github"
      },
      "original": {
        "owner": "harmony-development",
        "ref": "main",
        "repo": "hrpc",
        "type": "github"
      }
    },
    "nixpkgs": {
      "locked": {
        "lastModified": 1641016545,
        "narHash": "sha256-JMNwvnBzG0RjGG3eH27Y5/GlJ9ryeCdGJfqGbqxnmZY=",
        "owner": "NixOS",
        "repo": "nixpkgs",
        "rev": "6f05cfdb1e78d36c0337516df674560e4b51c79b",
        "type": "github"
      },
      "original": {
        "owner": "NixOS",
        "ref": "nixpkgs-unstable",
        "repo": "nixpkgs",
        "type": "github"
      }
    },
    "nixpkgs_2": {
      "locked": {
        "lastModified": 1641016545,
        "narHash": "sha256-JMNwvnBzG0RjGG3eH27Y5/GlJ9ryeCdGJfqGbqxnmZY=",
        "owner": "NixOS",
        "repo": "nixpkgs",
        "rev": "6f05cfdb1e78d36c0337516df674560e4b51c79b",
        "type": "github"
      },
      "original": {
        "owner": "NixOS",
        "ref": "nixpkgs-unstable",
        "repo": "nixpkgs",
        "type": "github"
      }
    },
    "root": {
      "inputs": {
        "flakeCompat": "flakeCompat",
        "flakeUtils": "flakeUtils",
        "hrpc": "hrpc",
        "nixpkgs": "nixpkgs_2"
      }
    }
  },
  "root": "root",
  "version": 7
}
